
Microsoft Visual Studio Solution File, Format Version 11.00
# Visual Studio 2010
Project("{FAE04EC0-301F-11D3-BF4B-00C04F79EFBC}") = "MessdatenKonverter1Dto2D", "MessdatenKonverter1Dto2D\MessdatenKonverter1Dto2D.csproj", "{AE40224E-2C57-47E6-8A62-DA89C2D019BD}"
EndProject
Global
	GlobalSection(SolutionConfigurationPlatforms) = preSolution
		Debug|x86 = Debug|x86
		Release|x86 = Release|x86
	EndGlobalSection
	GlobalSection(ProjectConfigurationPlatforms) = postSolution
		{AE40224E-2C57-47E6-8A62-DA89C2D019BD}.Debug|x86.ActiveCfg = Debug|x86
		{AE40224E-2C57-47E6-8A62-DA89C2D019BD}.Debug|x86.Build.0 = Debug|x86
		{AE40224E-2C57-47E6-8A62-DA89C2D019BD}.Release|x86.ActiveCfg = Release|x86
		{AE40224E-2C57-47E6-8A62-DA89C2D019BD}.Release|x86.Build.0 = Release|x86
	EndGlobalSection
	GlobalSection(SolutionProperties) = preSolution
		HideSolutionNode = FALSE
	EndGlobalSection
EndGlobal
